
Microsoft Visual Studio Solution File, Format Version 12.00
# Visual Studio 14
VisualStudioVersion = 14.0.22609.0
MinimumVisualStudioVersion = 10.0.40219.1
Project("{FAE04EC0-301F-11D3-BF4B-00C04F79EFBC}") = "Wurl", "Wurl\Wurl.csproj", "{503BF420-2550-46E1-B66A-F184A9B35627}"
EndProject
Project("{FAE04EC0-301F-11D3-BF4B-00C04F79EFBC}") = "Wurl.Data", "Wurl.Data\Wurl.Data.csproj", "{300BDBCE-9B6E-410A-A635-CFAA3C620529}"
EndProject
Project("{FAE04EC0-301F-11D3-BF4B-00C04F79EFBC}") = "Wurl.Data.Model", "Wurl.Data.Model\Wurl.Data.Model.csproj", "{B03F236E-F7C0-492B-BC80-C08E5BD3FC57}"
EndProject
Global
	GlobalSection(SolutionConfigurationPlatforms) = preSolution
		Debug|Any CPU = Debug|Any CPU
		Release|Any CPU = Release|Any CPU
	EndGlobalSection
	GlobalSection(ProjectConfigurationPlatforms) = postSolution
		{503BF420-2550-46E1-B66A-F184A9B35627}.Debug|Any CPU.ActiveCfg = Debug|Any CPU
		{503BF420-2550-46E1-B66A-F184A9B35627}.Debug|Any CPU.Build.0 = Debug|Any CPU
		{503BF420-2550-46E1-B66A-F184A9B35627}.Release|Any CPU.ActiveCfg = Release|Any CPU
		{503BF420-2550-46E1-B66A-F184A9B35627}.Release|Any CPU.Build.0 = Release|Any CPU
		{300BDBCE-9B6E-410A-A635-CFAA3C620529}.Debug|Any CPU.ActiveCfg = Debug|Any CPU
		{300BDBCE-9B6E-410A-A635-CFAA3C620529}.Debug|Any CPU.Build.0 = Debug|Any CPU
		{300BDBCE-9B6E-410A-A635-CFAA3C620529}.Release|Any CPU.ActiveCfg = Release|Any CPU
		{300BDBCE-9B6E-410A-A635-CFAA3C620529}.Release|Any CPU.Build.0 = Release|Any CPU
		{B03F236E-F7C0-492B-BC80-C08E5BD3FC57}.Debug|Any CPU.ActiveCfg = Debug|Any CPU
		{B03F236E-F7C0-492B-BC80-C08E5BD3FC57}.Debug|Any CPU.Build.0 = Debug|Any CPU
		{B03F236E-F7C0-492B-BC80-C08E5BD3FC57}.Release|Any CPU.ActiveCfg = Release|Any CPU
		{B03F236E-F7C0-492B-BC80-C08E5BD3FC57}.Release|Any CPU.Build.0 = Release|Any CPU
	EndGlobalSection
	GlobalSection(SolutionProperties) = preSolution
		HideSolutionNode = FALSE
	EndGlobalSection
	GlobalSection(TeamFoundationVersionControl) = preSolution
		SccNumberOfProjects = 4
		SccEnterpriseProvider = {4CA58AB2-18FA-4F8D-95D4-32DDF27D184C}
		SccTeamFoundationServer = https://tfs.codeplex.com/tfs/tfs29
		SccLocalPath0 = .
		SccProjectUniqueName1 = Wurl\\Wurl.csproj
		SccProjectName1 = Wurl
		SccLocalPath1 = Wurl
		SccProjectUniqueName2 = Wurl.Data\\Wurl.Data.csproj
		SccProjectName2 = Wurl.Data
		SccLocalPath2 = Wurl.Data
		SccProjectUniqueName3 = Wurl.Data.Model\\Wurl.Data.Model.csproj
		SccProjectName3 = Wurl.Data.Model
		SccLocalPath3 = Wurl.Data.Model
	EndGlobalSection
EndGlobal
